// !$*UTF8*$!
{
	archiveVersion = 1;
	classes = {
	};
	objectVersion = 55;
	objects = {

/* Begin PBXBuildFile section */
		7576D51627CC47A300674583 /* String.swift in Sources */ = {isa = PBXBuildFile; fileRef = 7576D51527CC47A300674583 /* String.swift */; };
		7576D51827CC72EB00674583 /* ManageDataColumnDetail.swift in Sources */ = {isa = PBXBuildFile; fileRef = 7576D51727CC72EB00674583 /* ManageDataColumnDetail.swift */; };
		7576D51B27CC758400674583 /* Column.swift in Sources */ = {isa = PBXBuildFile; fileRef = 7576D51A27CC758400674583 /* Column.swift */; };
		7576D51D27CC80F900674583 /* Columns.swift in Sources */ = {isa = PBXBuildFile; fileRef = 7576D51C27CC80F900674583 /* Columns.swift */; };
		75BDBB9027CB0565007146CB /* PillarApp.swift in Sources */ = {isa = PBXBuildFile; fileRef = 75BDBB8F27CB0565007146CB /* PillarApp.swift */; };
		75BDBB9227CB0565007146CB /* ContentView.swift in Sources */ = {isa = PBXBuildFile; fileRef = 75BDBB9127CB0565007146CB /* ContentView.swift */; };
		75BDBB9427CB0567007146CB /* Assets.xcassets in Resources */ = {isa = PBXBuildFile; fileRef = 75BDBB9327CB0567007146CB /* Assets.xcassets */; };
		75BDBB9727CB0567007146CB /* Preview Assets.xcassets in Resources */ = {isa = PBXBuildFile; fileRef = 75BDBB9627CB0567007146CB /* Preview Assets.xcassets */; };
		75BDBB9E27CB174D007146CB /* UploadData.swift in Sources */ = {isa = PBXBuildFile; fileRef = 75BDBB9D27CB174D007146CB /* UploadData.swift */; };
		75FA0E2227CC12E7005B473C /* ManageData.swift in Sources */ = {isa = PBXBuildFile; fileRef = 75FA0E2127CC12E7005B473C /* ManageData.swift */; };
		75FA0E2427CC13EC005B473C /* netflix_titles.csv in Resources */ = {isa = PBXBuildFile; fileRef = 75FA0E2327CC13EC005B473C /* netflix_titles.csv */; };
		75FA0E2827CC15A7005B473C /* SwiftCSV in Frameworks */ = {isa = PBXBuildFile; productRef = 75FA0E2727CC15A7005B473C /* SwiftCSV */; };
/* End PBXBuildFile section */

/* Begin PBXFileReference section */
		7576D51527CC47A300674583 /* String.swift */ = {isa = PBXFileReference; lastKnownFileType = sourcecode.swift; path = String.swift; sourceTree = "<group>"; };
		7576D51727CC72EB00674583 /* ManageDataColumnDetail.swift */ = {isa = PBXFileReference; lastKnownFileType = sourcecode.swift; path = ManageDataColumnDetail.swift; sourceTree = "<group>"; };
		7576D51A27CC758400674583 /* Column.swift */ = {isa = PBXFileReference; lastKnownFileType = sourcecode.swift; path = Column.swift; sourceTree = "<group>"; };
		7576D51C27CC80F900674583 /* Columns.swift */ = {isa = PBXFileReference; lastKnownFileType = sourcecode.swift; path = Columns.swift; sourceTree = "<group>"; };
		75BDBB8C27CB0565007146CB /* Pillar.app */ = {isa = PBXFileReference; explicitFileType = wrapper.application; includeInIndex = 0; path = Pillar.app; sourceTree = BUILT_PRODUCTS_DIR; };
		75BDBB8F27CB0565007146CB /* PillarApp.swift */ = {isa = PBXFileReference; lastKnownFileType = sourcecode.swift; path = PillarApp.swift; sourceTree = "<group>"; };
		75BDBB9127CB0565007146CB /* ContentView.swift */ = {isa = PBXFileReference; lastKnownFileType = sourcecode.swift; path = ContentView.swift; sourceTree = "<group>"; };
		75BDBB9327CB0567007146CB /* Assets.xcassets */ = {isa = PBXFileReference; lastKnownFileType = folder.assetcatalog; path = Assets.xcassets; sourceTree = "<group>"; };
		75BDBB9627CB0567007146CB /* Preview Assets.xcassets */ = {isa = PBXFileReference; lastKnownFileType = folder.assetcatalog; path = "Preview Assets.xcassets"; sourceTree = "<group>"; };
		75BDBB9D27CB174D007146CB /* UploadData.swift */ = {isa = PBXFileReference; lastKnownFileType = sourcecode.swift; path = UploadData.swift; sourceTree = "<group>"; };
		75FA0E2127CC12E7005B473C /* ManageData.swift */ = {isa = PBXFileReference; lastKnownFileType = sourcecode.swift; path = ManageData.swift; sourceTree = "<group>"; };
		75FA0E2327CC13EC005B473C /* netflix_titles.csv */ = {isa = PBXFileReference; fileEncoding = 4; lastKnownFileType = text; path = netflix_titles.csv; sourceTree = "<group>"; };
/* End PBXFileReference section */

/* Begin PBXFrameworksBuildPhase section */
		75BDBB8927CB0565007146CB /* Frameworks */ = {
			isa = PBXFrameworksBuildPhase;
			buildActionMask = 2147483647;
			files = (
				75FA0E2827CC15A7005B473C /* SwiftCSV in Frameworks */,
			);
			runOnlyForDeploymentPostprocessing = 0;
		};
/* End PBXFrameworksBuildPhase section */

/* Begin PBXGroup section */
		7576D51427CC479700674583 /* Extensions */ = {
			isa = PBXGroup;
			children = (
				7576D51527CC47A300674583 /* String.swift */,
			);
			path = Extensions;
			sourceTree = "<group>";
		};
		7576D51927CC757A00674583 /* Models */ = {
			isa = PBXGroup;
			children = (
				7576D51A27CC758400674583 /* Column.swift */,
				7576D51C27CC80F900674583 /* Columns.swift */,
			);
			path = Models;
			sourceTree = "<group>";
		};
		75BDBB8327CB0565007146CB = {
			isa = PBXGroup;
			children = (
				75BDBB8E27CB0565007146CB /* Pillar */,
				75BDBB8D27CB0565007146CB /* Products */,
			);
			sourceTree = "<group>";
		};
		75BDBB8D27CB0565007146CB /* Products */ = {
			isa = PBXGroup;
			children = (
				75BDBB8C27CB0565007146CB /* Pillar.app */,
			);
			name = Products;
			sourceTree = "<group>";
		};
		75BDBB8E27CB0565007146CB /* Pillar */ = {
			isa = PBXGroup;
			children = (
				7576D51927CC757A00674583 /* Models */,
				7576D51427CC479700674583 /* Extensions */,
				75BDBB8F27CB0565007146CB /* PillarApp.swift */,
				75BDBB9127CB0565007146CB /* ContentView.swift */,
				75BDBB9327CB0567007146CB /* Assets.xcassets */,
				75BDBB9527CB0567007146CB /* Preview Content */,
				75BDBB9D27CB174D007146CB /* UploadData.swift */,
				75FA0E2127CC12E7005B473C /* ManageData.swift */,
				75FA0E2527CC13F4005B473C /* Data */,
				7576D51727CC72EB00674583 /* ManageDataColumnDetail.swift */,
			);
			path = Pillar;
			sourceTree = "<group>";
		};
		75BDBB9527CB0567007146CB /* Preview Content */ = {
			isa = PBXGroup;
			children = (
				75BDBB9627CB0567007146CB /* Preview Assets.xcassets */,
			);
			path = "Preview Content";
			sourceTree = "<group>";
		};
		75FA0E2527CC13F4005B473C /* Data */ = {
			isa = PBXGroup;
			children = (
				75FA0E2327CC13EC005B473C /* netflix_titles.csv */,
			);
			path = Data;
			sourceTree = "<group>";
		};
/* End PBXGroup section */

/* Begin PBXNativeTarget section */
		75BDBB8B27CB0565007146CB /* Pillar */ = {
			isa = PBXNativeTarget;
			buildConfigurationList = 75BDBB9A27CB0567007146CB /* Build configuration list for PBXNativeTarget "Pillar" */;
			buildPhases = (
				75BDBB8827CB0565007146CB /* Sources */,
				75BDBB8927CB0565007146CB /* Frameworks */,
				75BDBB8A27CB0565007146CB /* Resources */,
			);
			buildRules = (
			);
			dependencies = (
			);
			name = Pillar;
			packageProductDependencies = (
				75FA0E2727CC15A7005B473C /* SwiftCSV */,
			);
			productName = Pillar;
			productReference = 75BDBB8C27CB0565007146CB /* Pillar.app */;
			productType = "com.apple.product-type.application";
		};
/* End PBXNativeTarget section */

/* Begin PBXProject section */
		75BDBB8427CB0565007146CB /* Project object */ = {
			isa = PBXProject;
			attributes = {
				BuildIndependentTargetsInParallel = 1;
				LastSwiftUpdateCheck = 1320;
				LastUpgradeCheck = 1320;
				TargetAttributes = {
					75BDBB8B27CB0565007146CB = {
						CreatedOnToolsVersion = 13.2.1;
					};
				};
			};
			buildConfigurationList = 75BDBB8727CB0565007146CB /* Build configuration list for PBXProject "Pillar" */;
			compatibilityVersion = "Xcode 13.0";
			developmentRegion = en;
			hasScannedForEncodings = 0;
			knownRegions = (
				en,
				Base,
			);
			mainGroup = 75BDBB8327CB0565007146CB;
			packageReferences = (
				75FA0E2627CC15A7005B473C /* XCRemoteSwiftPackageReference "SwiftCSV" */,
			);
			productRefGroup = 75BDBB8D27CB0565007146CB /* Products */;
			projectDirPath = "";
			projectRoot = "";
			targets = (
				75BDBB8B27CB0565007146CB /* Pillar */,
			);
		};
/* End PBXProject section */

/* Begin PBXResourcesBuildPhase section */
		75BDBB8A27CB0565007146CB /* Resources */ = {
			isa = PBXResourcesBuildPhase;
			buildActionMask = 2147483647;
			files = (
				75BDBB9727CB0567007146CB /* Preview Assets.xcassets in Resources */,
				75FA0E2427CC13EC005B473C /* netflix_titles.csv in Resources */,
				75BDBB9427CB0567007146CB /* Assets.xcassets in Resources */,
			);
			runOnlyForDeploymentPostprocessing = 0;
		};
/* End PBXResourcesBuildPhase section */

/* Begin PBXSourcesBuildPhase section */
		75BDBB8827CB0565007146CB /* Sources */ = {
			isa = PBXSourcesBuildPhase;
			buildActionMask = 2147483647;
			files = (
				75BDBB9E27CB174D007146CB /* UploadData.swift in Sources */,
				7576D51D27CC80F900674583 /* Columns.swift in Sources */,
				75BDBB9227CB0565007146CB /* ContentView.swift in Sources */,
				7576D51627CC47A300674583 /* String.swift in Sources */,
				7576D51B27CC758400674583 /* Column.swift in Sources */,
				7576D51827CC72EB00674583 /* ManageDataColumnDetail.swift in Sources */,
				75FA0E2227CC12E7005B473C /* ManageData.swift in Sources */,
				75BDBB9027CB0565007146CB /* PillarApp.swift in Sources */,
			);
			runOnlyForDeploymentPostprocessing = 0;
		};
/* End PBXSourcesBuildPhase section */

/* Begin XCBuildConfiguration section */
		75BDBB9827CB0567007146CB /* Debug */ = {
			isa = XCBuildConfiguration;
			buildSettings = {
				ALWAYS_SEARCH_USER_PATHS = NO;
				CLANG_ANALYZER_NONNULL = YES;
				CLANG_ANALYZER_NUMBER_OBJECT_CONVERSION = YES_AGGRESSIVE;
				CLANG_CXX_LANGUAGE_STANDARD = "gnu++17";
				CLANG_CXX_LIBRARY = "libc++";
				CLANG_ENABLE_MODULES = YES;
				CLANG_ENABLE_OBJC_ARC = YES;
				CLANG_ENABLE_OBJC_WEAK = YES;
				CLANG_WARN_BLOCK_CAPTURE_AUTORELEASING = YES;
				CLANG_WARN_BOOL_CONVERSION = YES;
				CLANG_WARN_COMMA = YES;
				CLANG_WARN_CONSTANT_CONVERSION = YES;
				CLANG_WARN_DEPRECATED_OBJC_IMPLEMENTATIONS = YES;
				CLANG_WARN_DIRECT_OBJC_ISA_USAGE = YES_ERROR;
				CLANG_WARN_DOCUMENTATION_COMMENTS = YES;
				CLANG_WARN_EMPTY_BODY = YES;
				CLANG_WARN_ENUM_CONVERSION = YES;
				CLANG_WARN_INFINITE_RECURSION = YES;
				CLANG_WARN_INT_CONVERSION = YES;
				CLANG_WARN_NON_LITERAL_NULL_CONVERSION = YES;
				CLANG_WARN_OBJC_IMPLICIT_RETAIN_SELF = YES;
				CLANG_WARN_OBJC_LITERAL_CONVERSION = YES;
				CLANG_WARN_OBJC_ROOT_CLASS = YES_ERROR;
				CLANG_WARN_QUOTED_INCLUDE_IN_FRAMEWORK_HEADER = YES;
				CLANG_WARN_RANGE_LOOP_ANALYSIS = YES;
				CLANG_WARN_STRICT_PROTOTYPES = YES;
				CLANG_WARN_SUSPICIOUS_MOVE = YES;
				CLANG_WARN_UNGUARDED_AVAILABILITY = YES_AGGRESSIVE;
				CLANG_WARN_UNREACHABLE_CODE = YES;
				CLANG_WARN__DUPLICATE_METHOD_MATCH = YES;
				COPY_PHASE_STRIP = NO;
				DEBUG_INFORMATION_FORMAT = dwarf;
				ENABLE_STRICT_OBJC_MSGSEND = YES;
				ENABLE_TESTABILITY = YES;
				GCC_C_LANGUAGE_STANDARD = gnu11;
				GCC_DYNAMIC_NO_PIC = NO;
				GCC_NO_COMMON_BLOCKS = YES;
				GCC_OPTIMIZATION_LEVEL = 0;
				GCC_PREPROCESSOR_DEFINITIONS = (
					"DEBUG=1",
					"$(inherited)",
				);
				GCC_WARN_64_TO_32_BIT_CONVERSION = YES;
				GCC_WARN_ABOUT_RETURN_TYPE = YES_ERROR;
				GCC_WARN_UNDECLARED_SELECTOR = YES;
				GCC_WARN_UNINITIALIZED_AUTOS = YES_AGGRESSIVE;
				GCC_WARN_UNUSED_FUNCTION = YES;
				GCC_WARN_UNUSED_VARIABLE = YES;
				IPHONEOS_DEPLOYMENT_TARGET = 15.2;
				MTL_ENABLE_DEBUG_INFO = INCLUDE_SOURCE;
				MTL_FAST_MATH = YES;
				ONLY_ACTIVE_ARCH = YES;
				SDKROOT = iphoneos;
				SWIFT_ACTIVE_COMPILATION_CONDITIONS = DEBUG;
				SWIFT_OPTIMIZATION_LEVEL = "-Onone";
			};
			name = Debug;
		};
		75BDBB9927CB0567007146CB /* Release */ = {
			isa = XCBuildConfiguration;
			buildSettings = {
				ALWAYS_SEARCH_USER_PATHS = NO;
				CLANG_ANALYZER_NONNULL = YES;
				CLANG_ANALYZER_NUMBER_OBJECT_CONVERSION = YES_AGGRESSIVE;
				CLANG_CXX_LANGUAGE_STANDARD = "gnu++17";
				CLANG_CXX_LIBRARY = "libc++";
				CLANG_ENABLE_MODULES = YES;
				CLANG_ENABLE_OBJC_ARC = YES;
				CLANG_ENABLE_OBJC_WEAK = YES;
				CLANG_WARN_BLOCK_CAPTURE_AUTORELEASING = YES;
				CLANG_WARN_BOOL_CONVERSION = YES;
				CLANG_WARN_COMMA = YES;
				CLANG_WARN_CONSTANT_CONVERSION = YES;
				CLANG_WARN_DEPRECATED_OBJC_IMPLEMENTATIONS = YES;
				CLANG_WARN_DIRECT_OBJC_ISA_USAGE = YES_ERROR;
				CLANG_WARN_DOCUMENTATION_COMMENTS = YES;
				CLANG_WARN_EMPTY_BODY = YES;
				CLANG_WARN_ENUM_CONVERSION = YES;
				CLANG_WARN_INFINITE_RECURSION = YES;
				CLANG_WARN_INT_CONVERSION = YES;
				CLANG_WARN_NON_LITERAL_NULL_CONVERSION = YES;
				CLANG_WARN_OBJC_IMPLICIT_RETAIN_SELF = YES;
				CLANG_WARN_OBJC_LITERAL_CONVERSION = YES;
				CLANG_WARN_OBJC_ROOT_CLASS = YES_ERROR;
				CLANG_WARN_QUOTED_INCLUDE_IN_FRAMEWORK_HEADER = YES;
				CLANG_WARN_RANGE_LOOP_ANALYSIS = YES;
				CLANG_WARN_STRICT_PROTOTYPES = YES;
				CLANG_WARN_SUSPICIOUS_MOVE = YES;
				CLANG_WARN_UNGUARDED_AVAILABILITY = YES_AGGRESSIVE;
				CLANG_WARN_UNREACHABLE_CODE = YES;
				CLANG_WARN__DUPLICATE_METHOD_MATCH = YES;
				COPY_PHASE_STRIP = NO;
				DEBUG_INFORMATION_FORMAT = "dwarf-with-dsym";
				ENABLE_NS_ASSERTIONS = NO;
				ENABLE_STRICT_OBJC_MSGSEND = YES;
				GCC_C_LANGUAGE_STANDARD = gnu11;
				GCC_NO_COMMON_BLOCKS = YES;
				GCC_WARN_64_TO_32_BIT_CONVERSION = YES;
				GCC_WARN_ABOUT_RETURN_TYPE = YES_ERROR;
				GCC_WARN_UNDECLARED_SELECTOR = YES;
				GCC_WARN_UNINITIALIZED_AUTOS = YES_AGGRESSIVE;
				GCC_WARN_UNUSED_FUNCTION = YES;
				GCC_WARN_UNUSED_VARIABLE = YES;
				IPHONEOS_DEPLOYMENT_TARGET = 15.2;
				MTL_ENABLE_DEBUG_INFO = NO;
				MTL_FAST_MATH = YES;
				SDKROOT = iphoneos;
				SWIFT_COMPILATION_MODE = wholemodule;
				SWIFT_OPTIMIZATION_LEVEL = "-O";
				VALIDATE_PRODUCT = YES;
			};
			name = Release;
		};
		75BDBB9B27CB0567007146CB /* Debug */ = {
			isa = XCBuildConfiguration;
			buildSettings = {
				ASSETCATALOG_COMPILER_APPICON_NAME = AppIcon;
				ASSETCATALOG_COMPILER_GLOBAL_ACCENT_COLOR_NAME = AccentColor;
				CODE_SIGN_STYLE = Automatic;
				CURRENT_PROJECT_VERSION = 1;
				DEVELOPMENT_ASSET_PATHS = "\"Pillar/Preview Content\"";
				DEVELOPMENT_TEAM = E8DUL3GSQE;
				ENABLE_PREVIEWS = YES;
				GENERATE_INFOPLIST_FILE = YES;
				INFOPLIST_KEY_UIApplicationSceneManifest_Generation = YES;
				INFOPLIST_KEY_UIApplicationSupportsIndirectInputEvents = YES;
				INFOPLIST_KEY_UILaunchScreen_Generation = YES;
				INFOPLIST_KEY_UISupportedInterfaceOrientations_iPad = "UIInterfaceOrientationLandscapeLeft UIInterfaceOrientationLandscapeRight";
				INFOPLIST_KEY_UISupportedInterfaceOrientations_iPhone = "UIInterfaceOrientationPortrait UIInterfaceOrientationLandscapeLeft UIInterfaceOrientationLandscapeRight";
				LD_RUNPATH_SEARCH_PATHS = (
					"$(inherited)",
					"@executable_path/Frameworks",
				);
				MARKETING_VERSION = 1.0;
				PRODUCT_BUNDLE_IDENTIFIER = app.juno.Pillar;
				PRODUCT_NAME = "$(TARGET_NAME)";
				SWIFT_EMIT_LOC_STRINGS = YES;
				SWIFT_VERSION = 5.0;
				TARGETED_DEVICE_FAMILY = 2;
			};
			name = Debug;
		};
		75BDBB9C27CB0567007146CB /* Release */ = {
			isa = XCBuildConfiguration;
			buildSettings = {
				ASSETCATALOG_COMPILER_APPICON_NAME = AppIcon;
				ASSETCATALOG_COMPILER_GLOBAL_ACCENT_COLOR_NAME = AccentColor;
				CODE_SIGN_STYLE = Automatic;
				CURRENT_PROJECT_VERSION = 1;
				DEVELOPMENT_ASSET_PATHS = "\"Pillar/Preview Content\"";
				DEVELOPMENT_TEAM = E8DUL3GSQE;
				ENABLE_PREVIEWS = YES;
				GENERATE_INFOPLIST_FILE = YES;
				INFOPLIST_KEY_UIApplicationSceneManifest_Generation = YES;
				INFOPLIST_KEY_UIApplicationSupportsIndirectInputEvents = YES;
				INFOPLIST_KEY_UILaunchScreen_Generation = YES;
				INFOPLIST_KEY_UISupportedInterfaceOrientations_iPad = "UIInterfaceOrientationLandscapeLeft UIInterfaceOrientationLandscapeRight";
				INFOPLIST_KEY_UISupportedInterfaceOrientations_iPhone = "UIInterfaceOrientationPortrait UIInterfaceOrientationLandscapeLeft UIInterfaceOrientationLandscapeRight";
				LD_RUNPATH_SEARCH_PATHS = (
					"$(inherited)",
					"@executable_path/Frameworks",
				);
				MARKETING_VERSION = 1.0;
				PRODUCT_BUNDLE_IDENTIFIER = app.juno.Pillar;
				PRODUCT_NAME = "$(TARGET_NAME)";
				SWIFT_EMIT_LOC_STRINGS = YES;
				SWIFT_VERSION = 5.0;
				TARGETED_DEVICE_FAMILY = 2;
			};
			name = Release;
		};
/* End XCBuildConfiguration section */

/* Begin XCConfigurationList section */
		75BDBB8727CB0565007146CB /* Build configuration list for PBXProject "Pillar" */ = {
			isa = XCConfigurationList;
			buildConfigurations = (
				75BDBB9827CB0567007146CB /* Debug */,
				75BDBB9927CB0567007146CB /* Release */,
			);
			defaultConfigurationIsVisible = 0;
			defaultConfigurationName = Release;
		};
		75BDBB9A27CB0567007146CB /* Build configuration list for PBXNativeTarget "Pillar" */ = {
			isa = XCConfigurationList;
			buildConfigurations = (
				75BDBB9B27CB0567007146CB /* Debug */,
				75BDBB9C27CB0567007146CB /* Release */,
			);
			defaultConfigurationIsVisible = 0;
			defaultConfigurationName = Release;
		};
/* End XCConfigurationList section */

/* Begin XCRemoteSwiftPackageReference section */
		75FA0E2627CC15A7005B473C /* XCRemoteSwiftPackageReference "SwiftCSV" */ = {
			isa = XCRemoteSwiftPackageReference;
			repositoryURL = "https://github.com/swiftcsv/SwiftCSV.git";
			requirement = {
				kind = upToNextMajorVersion;
				minimumVersion = 0.6.1;
			};
		};
/* End XCRemoteSwiftPackageReference section */

/* Begin XCSwiftPackageProductDependency section */
		75FA0E2727CC15A7005B473C /* SwiftCSV */ = {
			isa = XCSwiftPackageProductDependency;
			package = 75FA0E2627CC15A7005B473C /* XCRemoteSwiftPackageReference "SwiftCSV" */;
			productName = SwiftCSV;
		};
/* End XCSwiftPackageProductDependency section */
	};
	rootObject = 75BDBB8427CB0565007146CB /* Project object */;
}
